
Microsoft Visual Studio Solution File, Format Version 12.00
# Visual Studio Version 17
VisualStudioVersion = 17.9.34616.47
MinimumVisualStudioVersion = 10.0.40219.1
Project("{00D1A9C2-B5F0-4AF3-8072-F6C62B433612}") = "HotelAppDb", "HotelAppDb\HotelAppDb.sqlproj", "{127C45AA-1A26-4B5E-9656-54F88F8500BA}"
EndProject
Project("{2150E333-8FDC-42A3-9474-1A3956D46DE8}") = "Solution Items", "Solution Items", "{E1A9747E-0ABD-4F73-B1E7-E8503FD31205}"
	ProjectSection(SolutionItems) = preProject
		Project structure.txt = Project structure.txt
	EndProjectSection
EndProject
Project("{FAE04EC0-301F-11D3-BF4B-00C04F79EFBC}") = "HotelAppLibrary", "HotelAppLibrary\HotelAppLibrary.csproj", "{31DE4514-08A9-4841-8BC5-A1C0EC29EE94}"
EndProject
Global
	GlobalSection(SolutionConfigurationPlatforms) = preSolution
		Debug|Any CPU = Debug|Any CPU
		Release|Any CPU = Release|Any CPU
	EndGlobalSection
	GlobalSection(ProjectConfigurationPlatforms) = postSolution
		{127C45AA-1A26-4B5E-9656-54F88F8500BA}.Debug|Any CPU.ActiveCfg = Debug|Any CPU
		{127C45AA-1A26-4B5E-9656-54F88F8500BA}.Debug|Any CPU.Build.0 = Debug|Any CPU
		{127C45AA-1A26-4B5E-9656-54F88F8500BA}.Debug|Any CPU.Deploy.0 = Debug|Any CPU
		{127C45AA-1A26-4B5E-9656-54F88F8500BA}.Release|Any CPU.ActiveCfg = Release|Any CPU
		{127C45AA-1A26-4B5E-9656-54F88F8500BA}.Release|Any CPU.Build.0 = Release|Any CPU
		{127C45AA-1A26-4B5E-9656-54F88F8500BA}.Release|Any CPU.Deploy.0 = Release|Any CPU
		{31DE4514-08A9-4841-8BC5-A1C0EC29EE94}.Debug|Any CPU.ActiveCfg = Debug|Any CPU
		{31DE4514-08A9-4841-8BC5-A1C0EC29EE94}.Debug|Any CPU.Build.0 = Debug|Any CPU
		{31DE4514-08A9-4841-8BC5-A1C0EC29EE94}.Release|Any CPU.ActiveCfg = Release|Any CPU
		{31DE4514-08A9-4841-8BC5-A1C0EC29EE94}.Release|Any CPU.Build.0 = Release|Any CPU
	EndGlobalSection
	GlobalSection(SolutionProperties) = preSolution
		HideSolutionNode = FALSE
	EndGlobalSection
	GlobalSection(ExtensibilityGlobals) = postSolution
		SolutionGuid = {5F9C5B09-5FF6-4B5A-86AF-10365CA7CE6F}
	EndGlobalSection
EndGlobal
